
Microsoft Visual Studio Solution File, Format Version 12.00
# Visual Studio Version 16
VisualStudioVersion = 16.0.29418.71
MinimumVisualStudioVersion = 10.0.40219.1
Project("{FAE04EC0-301F-11D3-BF4B-00C04F79EFBC}") = "QuanLyBanHangCore", "QuanLyBanHangCore.csproj", "{4FDD028F-700E-46F7-98DF-A9261ADEAB67}"
EndProject
Global
	GlobalSection(SolutionConfigurationPlatforms) = preSolution
		Debug|Any CPU = Debug|Any CPU
		Release|Any CPU = Release|Any CPU
	EndGlobalSection
	GlobalSection(ProjectConfigurationPlatforms) = postSolution
		{4FDD028F-700E-46F7-98DF-A9261ADEAB67}.Debug|Any CPU.ActiveCfg = Debug|Any CPU
		{4FDD028F-700E-46F7-98DF-A9261ADEAB67}.Debug|Any CPU.Build.0 = Debug|Any CPU
		{4FDD028F-700E-46F7-98DF-A9261ADEAB67}.Release|Any CPU.ActiveCfg = Release|Any CPU
		{4FDD028F-700E-46F7-98DF-A9261ADEAB67}.Release|Any CPU.Build.0 = Release|Any CPU
	EndGlobalSection
	GlobalSection(SolutionProperties) = preSolution
		HideSolutionNode = FALSE
	EndGlobalSection
	GlobalSection(ExtensibilityGlobals) = postSolution
		SolutionGuid = {C76199EB-1BB6-46C8-8961-476FE5D968B7}
	EndGlobalSection
EndGlobal
